
Microsoft Visual Studio Solution File, Format Version 12.00
# Visual Studio 15
VisualStudioVersion = 15.0.27130.2027
MinimumVisualStudioVersion = 10.0.40219.1
Project("{FAE04EC0-301F-11D3-BF4B-00C04F79EFBC}") = "Cole-ParmerInterview", "Cole-ParmerInterview\Cole-ParmerInterview.csproj", "{39D6648E-F0A6-49C7-AFB2-2F1B0E9E20E6}"
EndProject
Global
	GlobalSection(SolutionConfigurationPlatforms) = preSolution
		Debug|Any CPU = Debug|Any CPU
		Release|Any CPU = Release|Any CPU
	EndGlobalSection
	GlobalSection(ProjectConfigurationPlatforms) = postSolution
		{39D6648E-F0A6-49C7-AFB2-2F1B0E9E20E6}.Debug|Any CPU.ActiveCfg = Debug|Any CPU
		{39D6648E-F0A6-49C7-AFB2-2F1B0E9E20E6}.Debug|Any CPU.Build.0 = Debug|Any CPU
		{39D6648E-F0A6-49C7-AFB2-2F1B0E9E20E6}.Release|Any CPU.ActiveCfg = Release|Any CPU
		{39D6648E-F0A6-49C7-AFB2-2F1B0E9E20E6}.Release|Any CPU.Build.0 = Release|Any CPU
	EndGlobalSection
	GlobalSection(SolutionProperties) = preSolution
		HideSolutionNode = FALSE
	EndGlobalSection
	GlobalSection(ExtensibilityGlobals) = postSolution
		SolutionGuid = {5195FD2A-F52F-4C3B-B5AA-352EEBF3B50C}
	EndGlobalSection
EndGlobal
